# This file is automatically @generated by Poetry 1.7.1 and should not be changed by hand.

[[package]]
name = "wasmtime"
version = "15.0.0"
description = "A WebAssembly runtime powered by Wasmtime"
optional = false
python-versions = ">=3.8"
files = [
    {file = "wasmtime-15.0.0-py3-none-any.whl", hash = "sha256:24de208dccea948e924b6af23c2b659f08bdd58e4ef5b549e2913a022cef2e50"},
    {file = "wasmtime-15.0.0-py3-none-macosx_10_13_x86_64.whl", hash = "sha256:137f6880a2a7eeec89ac98b46ef5e7e6082154cbd509926ec80d45a558432a24"},
    {file = "wasmtime-15.0.0-py3-none-macosx_11_0_arm64.whl", hash = "sha256:4bfd230624b3972b869b3fae57c605556c00b1acdb18f3d60b5a21dcac5f1670"},
    {file = "wasmtime-15.0.0-py3-none-manylinux1_x86_64.whl", hash = "sha256:79a416bd65468027842a15d21b78b4aa94ecca8281ae9a8d299a7860710882df"},
    {file = "wasmtime-15.0.0-py3-none-manylinux2014_aarch64.whl", hash = "sha256:f74bd2af9dc7af37efae6efd1153377de6f9c43e88728448334eb6b5950718f5"},
    {file = "wasmtime-15.0.0-py3-none-win_amd64.whl", hash = "sha256:fcad612253877a432c8f3c31c35adb521c59315fe6df0a7d7eb9b26a95f588b2"},
]

[package.extras]
testing = ["coverage", "pycparser", "pytest", "pytest-mypy"]

[metadata]
lock-version = "2.0"
python-versions = "^3.10"
content-hash = "23ee45b8f3646c648f65b41054c30f776ea228120f699473aa8cf011e6282279"
